Microsoft Visual Studio Solution File, Format Version 12.00
# Visual Studio Version 17
VisualStudioVersion = 17.5.2.0
MinimumVisualStudioVersion = 10.0.40219.1
Project("{FAE04EC0-301F-11D3-BF4B-00C04F79EFBC}") = "GestionaleTorneiWeb", "GestionaleTorneiWeb.csproj", "{DAB9C1EF-B689-BAB1-C957-1B5650A0A7D1}"
EndProject
Global
	GlobalSection(SolutionConfigurationPlatforms) = preSolution
		Debug|Any CPU = Debug|Any CPU
		Release|Any CPU = Release|Any CPU
	EndGlobalSection
	GlobalSection(ProjectConfigurationPlatforms) = postSolution
		{DAB9C1EF-B689-BAB1-C957-1B5650A0A7D1}.Debug|Any CPU.ActiveCfg = Debug|Any CPU
		{DAB9C1EF-B689-BAB1-C957-1B5650A0A7D1}.Debug|Any CPU.Build.0 = Debug|Any CPU
		{DAB9C1EF-B689-BAB1-C957-1B5650A0A7D1}.Release|Any CPU.ActiveCfg = Release|Any CPU
		{DAB9C1EF-B689-BAB1-C957-1B5650A0A7D1}.Release|Any CPU.Build.0 = Release|Any CPU
	EndGlobalSection
	GlobalSection(SolutionProperties) = preSolution
		HideSolutionNode = FALSE
	EndGlobalSection
	GlobalSection(ExtensibilityGlobals) = postSolution
		SolutionGuid = {110B206B-2B14-4FB1-8D16-602C0833C034}
	EndGlobalSection
EndGlobal
